
Microsoft Visual Studio Solution File, Format Version 12.00
Project("{FAE04EC0-301F-11D3-BF4B-00C04F79EFBC}") = "Sqs.Sample", "Sqs.Sample\Sqs.Sample.csproj", "{1F19AF72-FD67-4666-A81A-BE6936448BCD}"
EndProject
Global
	GlobalSection(SolutionConfigurationPlatforms) = preSolution
		Debug|Any CPU = Debug|Any CPU
		Release|Any CPU = Release|Any CPU
	EndGlobalSection
	GlobalSection(ProjectConfigurationPlatforms) = postSolution
		{1F19AF72-FD67-4666-A81A-BE6936448BCD}.Debug|Any CPU.ActiveCfg = Debug|Any CPU
		{1F19AF72-FD67-4666-A81A-BE6936448BCD}.Debug|Any CPU.Build.0 = Debug|Any CPU
		{1F19AF72-FD67-4666-A81A-BE6936448BCD}.Release|Any CPU.ActiveCfg = Release|Any CPU
		{1F19AF72-FD67-4666-A81A-BE6936448BCD}.Release|Any CPU.Build.0 = Release|Any CPU
	EndGlobalSection
EndGlobal
